// !$*UTF8*$!
{
	archiveVersion = 1;
	classes = {
	};
	objectVersion = 50;
	objects = {

/* Begin PBXBuildFile section */
		CA124CC921DF587B005D5188 /* AppDelegate.swift in Sources */ = {isa = PBXBuildFile; fileRef = CA124CC821DF587B005D5188 /* AppDelegate.swift */; };
		CA124CCB21DF587B005D5188 /* ViewController.swift in Sources */ = {isa = PBXBuildFile; fileRef = CA124CCA21DF587B005D5188 /* ViewController.swift */; };
		CA124CCE21DF587B005D5188 /* Main.storyboard in Resources */ = {isa = PBXBuildFile; fileRef = CA124CCC21DF587B005D5188 /* Main.storyboard */; };
		CA124CD121DF587C005D5188 /* SocialIntegration.xcdatamodeld in Sources */ = {isa = PBXBuildFile; fileRef = CA124CCF21DF587C005D5188 /* SocialIntegration.xcdatamodeld */; };
		CA124CD321DF587E005D5188 /* Assets.xcassets in Resources */ = {isa = PBXBuildFile; fileRef = CA124CD221DF587E005D5188 /* Assets.xcassets */; };
		CA124CD621DF587E005D5188 /* LaunchScreen.storyboard in Resources */ = {isa = PBXBuildFile; fileRef = CA124CD421DF587E005D5188 /* LaunchScreen.storyboard */; };
		F7B8D399029D27A6EF105D94 /* Pods_SocialIntegration.framework in Frameworks */ = {isa = PBXBuildFile; fileRef = B071C0FB74BCD824A6285C1D /* Pods_SocialIntegration.framework */; };
/* End PBXBuildFile section */

/* Begin PBXFileReference section */
		3C8CA03D9736E635329D103D /* Pods-SocialIntegration.release.xcconfig */ = {isa = PBXFileReference; includeInIndex = 1; lastKnownFileType = text.xcconfig; name = "Pods-SocialIntegration.release.xcconfig"; path = "Pods/Target Support Files/Pods-SocialIntegration/Pods-SocialIntegration.release.xcconfig"; sourceTree = "<group>"; };
		B071C0FB74BCD824A6285C1D /* Pods_SocialIntegration.framework */ = {isa = PBXFileReference; explicitFileType = wrapper.framework; includeInIndex = 0; path = Pods_SocialIntegration.framework; sourceTree = BUILT_PRODUCTS_DIR; };
		CA124CC521DF587B005D5188 /* SocialIntegration.app */ = {isa = PBXFileReference; explicitFileType = wrapper.application; includeInIndex = 0; path = SocialIntegration.app; sourceTree = BUILT_PRODUCTS_DIR; };
		CA124CC821DF587B005D5188 /* AppDelegate.swift */ = {isa = PBXFileReference; lastKnownFileType = sourcecode.swift; path = AppDelegate.swift; sourceTree = "<group>"; };
		CA124CCA21DF587B005D5188 /* ViewController.swift */ = {isa = PBXFileReference; lastKnownFileType = sourcecode.swift; path = ViewController.swift; sourceTree = "<group>"; };
		CA124CCD21DF587B005D5188 /* Base */ = {isa = PBXFileReference; lastKnownFileType = file.storyboard; name = Base; path = Base.lproj/Main.storyboard; sourceTree = "<group>"; };
		CA124CD021DF587C005D5188 /* SocialIntegration.xcdatamodel */ = {isa = PBXFileReference; lastKnownFileType = wrapper.xcdatamodel; path = SocialIntegration.xcdatamodel; sourceTree = "<group>"; };
		CA124CD221DF587E005D5188 /* Assets.xcassets */ = {isa = PBXFileReference; lastKnownFileType = folder.assetcatalog; path = Assets.xcassets; sourceTree = "<group>"; };
		CA124CD521DF587E005D5188 /* Base */ = {isa = PBXFileReference; lastKnownFileType = file.storyboard; name = Base; path = Base.lproj/LaunchScreen.storyboard; sourceTree = "<group>"; };
		CA124CD721DF587E005D5188 /* Info.plist */ = {isa = PBXFileReference; lastKnownFileType = text.plist.xml; path = Info.plist; sourceTree = "<group>"; };
		E4EAD88834C8CCA9D63D7CF1 /* Pods-SocialIntegration.debug.xcconfig */ = {isa = PBXFileReference; includeInIndex = 1; lastKnownFileType = text.xcconfig; name = "Pods-SocialIntegration.debug.xcconfig"; path = "Pods/Target Support Files/Pods-SocialIntegration/Pods-SocialIntegration.debug.xcconfig"; sourceTree = "<group>"; };
/* End PBXFileReference section */

/* Begin PBXFrameworksBuildPhase section */
		CA124CC221DF587B005D5188 /* Frameworks */ = {
			isa = PBXFrameworksBuildPhase;
			buildActionMask = 2147483647;
			files = (
				F7B8D399029D27A6EF105D94 /* Pods_SocialIntegration.framework in Frameworks */,
			);
			runOnlyForDeploymentPostprocessing = 0;
		};
/* End PBXFrameworksBuildPhase section */

/* Begin PBXGroup section */
		A98B185466FA1FC5408F22E1 /* Pods */ = {
			isa = PBXGroup;
			children = (
				E4EAD88834C8CCA9D63D7CF1 /* Pods-SocialIntegration.debug.xcconfig */,
				3C8CA03D9736E635329D103D /* Pods-SocialIntegration.release.xcconfig */,
			);
			name = Pods;
			sourceTree = "<group>";
		};
		C7D41530DA4012A95DF1B736 /* Frameworks */ = {
			isa = PBXGroup;
			children = (
				B071C0FB74BCD824A6285C1D /* Pods_SocialIntegration.framework */,
			);
			name = Frameworks;
			sourceTree = "<group>";
		};
		CA124CBC21DF587B005D5188 = {
			isa = PBXGroup;
			children = (
				CA124CC721DF587B005D5188 /* SocialIntegration */,
				CA124CC621DF587B005D5188 /* Products */,
				A98B185466FA1FC5408F22E1 /* Pods */,
				C7D41530DA4012A95DF1B736 /* Frameworks */,
			);
			sourceTree = "<group>";
		};
		CA124CC621DF587B005D5188 /* Products */ = {
			isa = PBXGroup;
			children = (
				CA124CC521DF587B005D5188 /* SocialIntegration.app */,
			);
			name = Products;
			sourceTree = "<group>";
		};
		CA124CC721DF587B005D5188 /* SocialIntegration */ = {
			isa = PBXGroup;
			children = (
				CA124CC821DF587B005D5188 /* AppDelegate.swift */,
				CA124CCA21DF587B005D5188 /* ViewController.swift */,
				CA124CCC21DF587B005D5188 /* Main.storyboard */,
				CA124CD221DF587E005D5188 /* Assets.xcassets */,
				CA124CD421DF587E005D5188 /* LaunchScreen.storyboard */,
				CA124CD721DF587E005D5188 /* Info.plist */,
				CA124CCF21DF587C005D5188 /* SocialIntegration.xcdatamodeld */,
			);
			path = SocialIntegration;
			sourceTree = "<group>";
		};
/* End PBXGroup section */

/* Begin PBXNativeTarget section */
		CA124CC421DF587B005D5188 /* SocialIntegration */ = {
			isa = PBXNativeTarget;
			buildConfigurationList = CA124CDA21DF587E005D5188 /* Build configuration list for PBXNativeTarget "SocialIntegration" */;
			buildPhases = (
				BF0E2922319D2DBB014616A3 /* [CP] Check Pods Manifest.lock */,
				CA124CC121DF587B005D5188 /* Sources */,
				CA124CC221DF587B005D5188 /* Frameworks */,
				CA124CC321DF587B005D5188 /* Resources */,
				A5D41A7BEEA2077550094405 /* [CP] Embed Pods Frameworks */,
			);
			buildRules = (
			);
			dependencies = (
			);
			name = SocialIntegration;
			productName = SocialIntegration;
			productReference = CA124CC521DF587B005D5188 /* SocialIntegration.app */;
			productType = "com.apple.product-type.application";
		};
/* End PBXNativeTarget section */

/* Begin PBXProject section */
		CA124CBD21DF587B005D5188 /* Project object */ = {
			isa = PBXProject;
			attributes = {
				LastSwiftUpdateCheck = 1000;
				LastUpgradeCheck = 1000;
				ORGANIZATIONNAME = madhu;
				TargetAttributes = {
					CA124CC421DF587B005D5188 = {
						CreatedOnToolsVersion = 10.0;
					};
				};
			};
			buildConfigurationList = CA124CC021DF587B005D5188 /* Build configuration list for PBXProject "SocialIntegration" */;
			compatibilityVersion = "Xcode 9.3";
			developmentRegion = en;
			hasScannedForEncodings = 0;
			knownRegions = (
				en,
				Base,
			);
			mainGroup = CA124CBC21DF587B005D5188;
			productRefGroup = CA124CC621DF587B005D5188 /* Products */;
			projectDirPath = "";
			projectRoot = "";
			targets = (
				CA124CC421DF587B005D5188 /* SocialIntegration */,
			);
		};
/* End PBXProject section */

/* Begin PBXResourcesBuildPhase section */
		CA124CC321DF587B005D5188 /* Resources */ = {
			isa = PBXResourcesBuildPhase;
			buildActionMask = 2147483647;
			files = (
				CA124CD621DF587E005D5188 /* LaunchScreen.storyboard in Resources */,
				CA124CD321DF587E005D5188 /* Assets.xcassets in Resources */,
				CA124CCE21DF587B005D5188 /* Main.storyboard in Resources */,
			);
			runOnlyForDeploymentPostprocessing = 0;
		};
/* End PBXResourcesBuildPhase section */

/* Begin PBXShellScriptBuildPhase section */
		A5D41A7BEEA2077550094405 /* [CP] Embed Pods Frameworks */ = {
			isa = PBXShellScriptBuildPhase;
			buildActionMask = 2147483647;
			files = (
			);
			inputPaths = (
				"${SRCROOT}/Pods/Target Support Files/Pods-SocialIntegration/Pods-SocialIntegration-frameworks.sh",
				"${BUILT_PRODUCTS_DIR}/Bolts/Bolts.framework",
				"${BUILT_PRODUCTS_DIR}/FBSDKCoreKit/FBSDKCoreKit.framework",
				"${BUILT_PRODUCTS_DIR}/FBSDKLoginKit/FBSDKLoginKit.framework",
				"${BUILT_PRODUCTS_DIR}/FacebookCore/FacebookCore.framework",
				"${BUILT_PRODUCTS_DIR}/FacebookLogin/FacebookLogin.framework",
			);
			name = "[CP] Embed Pods Frameworks";
			outputPaths = (
				"${TARGET_BUILD_DIR}/${FRAMEWORKS_FOLDER_PATH}/Bolts.framework",
				"${TARGET_BUILD_DIR}/${FRAMEWORKS_FOLDER_PATH}/FBSDKCoreKit.framework",
				"${TARGET_BUILD_DIR}/${FRAMEWORKS_FOLDER_PATH}/FBSDKLoginKit.framework",
				"${TARGET_BUILD_DIR}/${FRAMEWORKS_FOLDER_PATH}/FacebookCore.framework",
				"${TARGET_BUILD_DIR}/${FRAMEWORKS_FOLDER_PATH}/FacebookLogin.framework",
			);
			runOnlyForDeploymentPostprocessing = 0;
			shellPath = /bin/sh;
			shellScript = "\"${SRCROOT}/Pods/Target Support Files/Pods-SocialIntegration/Pods-SocialIntegration-frameworks.sh\"\n";
			showEnvVarsInLog = 0;
		};
		BF0E2922319D2DBB014616A3 /* [CP] Check Pods Manifest.lock */ = {
			isa = PBXShellScriptBuildPhase;
			buildActionMask = 2147483647;
			files = (
			);
			inputPaths = (
				"${PODS_PODFILE_DIR_PATH}/Podfile.lock",
				"${PODS_ROOT}/Manifest.lock",
			);
			name = "[CP] Check Pods Manifest.lock";
			outputPaths = (
				"$(DERIVED_FILE_DIR)/Pods-SocialIntegration-checkManifestLockResult.txt",
			);
			runOnlyForDeploymentPostprocessing = 0;
			shellPath = /bin/sh;
			shellScript = "diff \"${PODS_PODFILE_DIR_PATH}/Podfile.lock\" \"${PODS_ROOT}/Manifest.lock\" > /dev/null\nif [ $? != 0 ] ; then\n    # print error to STDERR\n    echo \"error: The sandbox is not in sync with the Podfile.lock. Run 'pod install' or update your CocoaPods installation.\" >&2\n    exit 1\nfi\n# This output is used by Xcode 'outputs' to avoid re-running this script phase.\necho \"SUCCESS\" > \"${SCRIPT_OUTPUT_FILE_0}\"\n";
			showEnvVarsInLog = 0;
		};
/* End PBXShellScriptBuildPhase section */

/* Begin PBXSourcesBuildPhase section */
		CA124CC121DF587B005D5188 /* Sources */ = {
			isa = PBXSourcesBuildPhase;
			buildActionMask = 2147483647;
			files = (
				CA124CCB21DF587B005D5188 /* ViewController.swift in Sources */,
				CA124CD121DF587C005D5188 /* SocialIntegration.xcdatamodeld in Sources */,
				CA124CC921DF587B005D5188 /* AppDelegate.swift in Sources */,
			);
			runOnlyForDeploymentPostprocessing = 0;
		};
/* End PBXSourcesBuildPhase section */

/* Begin PBXVariantGroup section */
		CA124CCC21DF587B005D5188 /* Main.storyboard */ = {
			isa = PBXVariantGroup;
			children = (
				CA124CCD21DF587B005D5188 /* Base */,
			);
			name = Main.storyboard;
			sourceTree = "<group>";
		};
		CA124CD421DF587E005D5188 /* LaunchScreen.storyboard */ = {
			isa = PBXVariantGroup;
			children = (
				CA124CD521DF587E005D5188 /* Base */,
			);
			name = LaunchScreen.storyboard;
			sourceTree = "<group>";
		};
/* End PBXVariantGroup section */

/* Begin XCBuildConfiguration section */
		CA124CD821DF587E005D5188 /* Debug */ = {
			isa = XCBuildConfiguration;
			buildSettings = {
				ALWAYS_SEARCH_USER_PATHS = NO;
				CLANG_ANALYZER_NONNULL = YES;
				CLANG_ANALYZER_NUMBER_OBJECT_CONVERSION = YES_AGGRESSIVE;
				CLANG_CXX_LANGUAGE_STANDARD = "gnu++14";
				CLANG_CXX_LIBRARY = "libc++";
				CLANG_ENABLE_MODULES = YES;
				CLANG_ENABLE_OBJC_ARC = YES;
				CLANG_ENABLE_OBJC_WEAK = YES;
				CLANG_WARN_BLOCK_CAPTURE_AUTORELEASING = YES;
				CLANG_WARN_BOOL_CONVERSION = YES;
				CLANG_WARN_COMMA = YES;
				CLANG_WARN_CONSTANT_CONVERSION = YES;
				CLANG_WARN_DEPRECATED_OBJC_IMPLEMENTATIONS = YES;
				CLANG_WARN_DIRECT_OBJC_ISA_USAGE = YES_ERROR;
				CLANG_WARN_DOCUMENTATION_COMMENTS = YES;
				CLANG_WARN_EMPTY_BODY = YES;
				CLANG_WARN_ENUM_CONVERSION = YES;
				CLANG_WARN_INFINITE_RECURSION = YES;
				CLANG_WARN_INT_CONVERSION = YES;
				CLANG_WARN_NON_LITERAL_NULL_CONVERSION = YES;
				CLANG_WARN_OBJC_IMPLICIT_RETAIN_SELF = YES;
				CLANG_WARN_OBJC_LITERAL_CONVERSION = YES;
				CLANG_WARN_OBJC_ROOT_CLASS = YES_ERROR;
				CLANG_WARN_RANGE_LOOP_ANALYSIS = YES;
				CLANG_WARN_STRICT_PROTOTYPES = YES;
				CLANG_WARN_SUSPICIOUS_MOVE = YES;
				CLANG_WARN_UNGUARDED_AVAILABILITY = YES_AGGRESSIVE;
				CLANG_WARN_UNREACHABLE_CODE = YES;
				CLANG_WARN__DUPLICATE_METHOD_MATCH = YES;
				CODE_SIGN_IDENTITY = "iPhone Developer";
				COPY_PHASE_STRIP = NO;
				DEBUG_INFORMATION_FORMAT = dwarf;
				ENABLE_STRICT_OBJC_MSGSEND = YES;
				ENABLE_TESTABILITY = YES;
				GCC_C_LANGUAGE_STANDARD = gnu11;
				GCC_DYNAMIC_NO_PIC = NO;
				GCC_NO_COMMON_BLOCKS = YES;
				GCC_OPTIMIZATION_LEVEL = 0;
				GCC_PREPROCESSOR_DEFINITIONS = (
					"DEBUG=1",
					"$(inherited)",
				);
				GCC_WARN_64_TO_32_BIT_CONVERSION = YES;
				GCC_WARN_ABOUT_RETURN_TYPE = YES_ERROR;
				GCC_WARN_UNDECLARED_SELECTOR = YES;
				GCC_WARN_UNINITIALIZED_AUTOS = YES_AGGRESSIVE;
				GCC_WARN_UNUSED_FUNCTION = YES;
				GCC_WARN_UNUSED_VARIABLE = YES;
				IPHONEOS_DEPLOYMENT_TARGET = 12.0;
				MTL_ENABLE_DEBUG_INFO = INCLUDE_SOURCE;
				MTL_FAST_MATH = YES;
				ONLY_ACTIVE_ARCH = YES;
				SDKROOT = iphoneos;
				SWIFT_ACTIVE_COMPILATION_CONDITIONS = DEBUG;
				SWIFT_OPTIMIZATION_LEVEL = "-Onone";
			};
			name = Debug;
		};
		CA124CD921DF587E005D5188 /* Release */ = {
			isa = XCBuildConfiguration;
			buildSettings = {
				ALWAYS_SEARCH_USER_PATHS = NO;
				CLANG_ANALYZER_NONNULL = YES;
				CLANG_ANALYZER_NUMBER_OBJECT_CONVERSION = YES_AGGRESSIVE;
				CLANG_CXX_LANGUAGE_STANDARD = "gnu++14";
				CLANG_CXX_LIBRARY = "libc++";
				CLANG_ENABLE_MODULES = YES;
				CLANG_ENABLE_OBJC_ARC = YES;
				CLANG_ENABLE_OBJC_WEAK = YES;
				CLANG_WARN_BLOCK_CAPTURE_AUTORELEASING = YES;
				CLANG_WARN_BOOL_CONVERSION = YES;
				CLANG_WARN_COMMA = YES;
				CLANG_WARN_CONSTANT_CONVERSION = YES;
				CLANG_WARN_DEPRECATED_OBJC_IMPLEMENTATIONS = YES;
				CLANG_WARN_DIRECT_OBJC_ISA_USAGE = YES_ERROR;
				CLANG_WARN_DOCUMENTATION_COMMENTS = YES;
				CLANG_WARN_EMPTY_BODY = YES;
				CLANG_WARN_ENUM_CONVERSION = YES;
				CLANG_WARN_INFINITE_RECURSION = YES;
				CLANG_WARN_INT_CONVERSION = YES;
				CLANG_WARN_NON_LITERAL_NULL_CONVERSION = YES;
				CLANG_WARN_OBJC_IMPLICIT_RETAIN_SELF = YES;
				CLANG_WARN_OBJC_LITERAL_CONVERSION = YES;
				CLANG_WARN_OBJC_ROOT_CLASS = YES_ERROR;
				CLANG_WARN_RANGE_LOOP_ANALYSIS = YES;
				CLANG_WARN_STRICT_PROTOTYPES = YES;
				CLANG_WARN_SUSPICIOUS_MOVE = YES;
				CLANG_WARN_UNGUARDED_AVAILABILITY = YES_AGGRESSIVE;
				CLANG_WARN_UNREACHABLE_CODE = YES;
				CLANG_WARN__DUPLICATE_METHOD_MATCH = YES;
				CODE_SIGN_IDENTITY = "iPhone Developer";
				COPY_PHASE_STRIP = NO;
				DEBUG_INFORMATION_FORMAT = "dwarf-with-dsym";
				ENABLE_NS_ASSERTIONS = NO;
				ENABLE_STRICT_OBJC_MSGSEND = YES;
				GCC_C_LANGUAGE_STANDARD = gnu11;
				GCC_NO_COMMON_BLOCKS = YES;
				GCC_WARN_64_TO_32_BIT_CONVERSION = YES;
				GCC_WARN_ABOUT_RETURN_TYPE = YES_ERROR;
				GCC_WARN_UNDECLARED_SELECTOR = YES;
				GCC_WARN_UNINITIALIZED_AUTOS = YES_AGGRESSIVE;
				GCC_WARN_UNUSED_FUNCTION = YES;
				GCC_WARN_UNUSED_VARIABLE = YES;
				IPHONEOS_DEPLOYMENT_TARGET = 12.0;
				MTL_ENABLE_DEBUG_INFO = NO;
				MTL_FAST_MATH = YES;
				SDKROOT = iphoneos;
				SWIFT_COMPILATION_MODE = wholemodule;
				SWIFT_OPTIMIZATION_LEVEL = "-O";
				VALIDATE_PRODUCT = YES;
			};
			name = Release;
		};
		CA124CDB21DF587E005D5188 /* Debug */ = {
			isa = XCBuildConfiguration;
			baseConfigurationReference = E4EAD88834C8CCA9D63D7CF1 /* Pods-SocialIntegration.debug.xcconfig */;
			buildSettings = {
				ASSETCATALOG_COMPILER_APPICON_NAME = AppIcon;
				CODE_SIGN_STYLE = Automatic;
				INFOPLIST_FILE = SocialIntegration/Info.plist;
				IPHONEOS_DEPLOYMENT_TARGET = 12.0;
				LD_RUNPATH_SEARCH_PATHS = (
					"$(inherited)",
					"@executable_path/Frameworks",
				);
				PRODUCT_BUNDLE_IDENTIFIER = com.brn.SocialIntegration;
				PRODUCT_NAME = "$(TARGET_NAME)";
				SWIFT_VERSION = 4.2;
				TARGETED_DEVICE_FAMILY = "1,2";
			};
			name = Debug;
		};
		CA124CDC21DF587E005D5188 /* Release */ = {
			isa = XCBuildConfiguration;
			baseConfigurationReference = 3C8CA03D9736E635329D103D /* Pods-SocialIntegration.release.xcconfig */;
			buildSettings = {
				ASSETCATALOG_COMPILER_APPICON_NAME = AppIcon;
				CODE_SIGN_STYLE = Automatic;
				INFOPLIST_FILE = SocialIntegration/Info.plist;
				IPHONEOS_DEPLOYMENT_TARGET = 12.0;
				LD_RUNPATH_SEARCH_PATHS = (
					"$(inherited)",
					"@executable_path/Frameworks",
				);
				PRODUCT_BUNDLE_IDENTIFIER = com.brn.SocialIntegration;
				PRODUCT_NAME = "$(TARGET_NAME)";
				SWIFT_VERSION = 4.2;
				TARGETED_DEVICE_FAMILY = "1,2";
			};
			name = Release;
		};
/* End XCBuildConfiguration section */

/* Begin XCConfigurationList section */
		CA124CC021DF587B005D5188 /* Build configuration list for PBXProject "SocialIntegration" */ = {
			isa = XCConfigurationList;
			buildConfigurations = (
				CA124CD821DF587E005D5188 /* Debug */,
				CA124CD921DF587E005D5188 /* Release */,
			);
			defaultConfigurationIsVisible = 0;
			defaultConfigurationName = Release;
		};
		CA124CDA21DF587E005D5188 /* Build configuration list for PBXNativeTarget "SocialIntegration" */ = {
			isa = XCConfigurationList;
			buildConfigurations = (
				CA124CDB21DF587E005D5188 /* Debug */,
				CA124CDC21DF587E005D5188 /* Release */,
			);
			defaultConfigurationIsVisible = 0;
			defaultConfigurationName = Release;
		};
/* End XCConfigurationList section */

/* Begin XCVersionGroup section */
		CA124CCF21DF587C005D5188 /* SocialIntegration.xcdatamodeld */ = {
			isa = XCVersionGroup;
			children = (
				CA124CD021DF587C005D5188 /* SocialIntegration.xcdatamodel */,
			);
			currentVersion = CA124CD021DF587C005D5188 /* SocialIntegration.xcdatamodel */;
			path = SocialIntegration.xcdatamodeld;
			sourceTree = "<group>";
			versionGroupType = wrapper.xcdatamodel;
		};
/* End XCVersionGroup section */
	};
	rootObject = CA124CBD21DF587B005D5188 /* Project object */;
}
